{
  "nodes": {
    "nixpkgs": {
      "locked": {
        "lastModified": 1716337867,
        "narHash": "sha256-AIpaRuku/Td9F+1I0HqNf96Vr2hcwdMg/lp1yKDfEIo=",
        "owner": "NixOS",
        "repo": "nixpkgs",
        "rev": "462265e62c4aaa56c04d25aa43e17d07b2df3c11",
        "type": "github"
      },
      "original": {
        "owner": "NixOS",
        "repo": "nixpkgs",
        "type": "github"
      }
    },
    "root": {
      "inputs": {
        "nixpkgs": "nixpkgs"
      }
    }
  },
  "root": "root",
  "version": 7
}
